
Microsoft Visual Studio Solution File, Format Version 12.00
# Visual Studio 14
VisualStudioVersion = 14.0.23107.0
MinimumVisualStudioVersion = 10.0.40219.1
Project("{FAE04EC0-301F-11D3-BF4B-00C04F79EFBC}") = "Flowers.Forms", "Flowers.Forms\Flowers.Forms\Flowers.Forms.csproj", "{2EBA6BA8-5A68-45BE-8198-7F14C3646F51}"
EndProject
Project("{FAE04EC0-301F-11D3-BF4B-00C04F79EFBC}") = "Flowers.Forms.iOS", "Flowers.Forms\Flowers.Forms.iOS\Flowers.Forms.iOS.csproj", "{A72E7313-469F-4F13-A4BA-3756D3140AA8}"
EndProject
Project("{FAE04EC0-301F-11D3-BF4B-00C04F79EFBC}") = "Flowers.Forms.Droid", "Flowers.Forms\Flowers.Forms.Droid\Flowers.Forms.Droid.csproj", "{2EC28B28-69DD-487A-920B-73492B776AB1}"
EndProject
Project("{FAE04EC0-301F-11D3-BF4B-00C04F79EFBC}") = "Flowers.Forms.WinPhone", "Flowers.Forms\Flowers.Forms.WinPhone\Flowers.Forms.WinPhone.csproj", "{59F20BE5-2D1E-4014-A530-7615233FB7D8}"
EndProject
Project("{FAE04EC0-301F-11D3-BF4B-00C04F79EFBC}") = "Flowers.Data", "Flowers.Data\Flowers.Data.csproj", "{B18D0858-91E0-4DC3-B711-0435818DB286}"
EndProject
Global
	GlobalSection(SolutionConfigurationPlatforms) = preSolution
		Ad-Hoc|Any CPU = Ad-Hoc|Any CPU
		Ad-Hoc|ARM = Ad-Hoc|ARM
		Ad-Hoc|iPhone = Ad-Hoc|iPhone
		Ad-Hoc|iPhoneSimulator = Ad-Hoc|iPhoneSimulator
		Ad-Hoc|x86 = Ad-Hoc|x86
		AppStore|Any CPU = AppStore|Any CPU
		AppStore|ARM = AppStore|ARM
		AppStore|iPhone = AppStore|iPhone
		AppStore|iPhoneSimulator = AppStore|iPhoneSimulator
		AppStore|x86 = AppStore|x86
		Debug|Any CPU = Debug|Any CPU
		Debug|ARM = Debug|ARM
		Debug|iPhone = Debug|iPhone
		Debug|iPhoneSimulator = Debug|iPhoneSimulator
		Debug|x86 = Debug|x86
		Release|Any CPU = Release|Any CPU
		Release|ARM = Release|ARM
		Release|iPhone = Release|iPhone
		Release|iPhoneSimulator = Release|iPhoneSimulator
		Release|x86 = Release|x86
	EndGlobalSection
	GlobalSection(ProjectConfigurationPlatforms) = postSolution
		{2EBA6BA8-5A68-45BE-8198-7F14C3646F51}.Ad-Hoc|Any CPU.ActiveCfg = Release|Any CPU
		{2EBA6BA8-5A68-45BE-8198-7F14C3646F51}.Ad-Hoc|Any CPU.Build.0 = Release|Any CPU
		{2EBA6BA8-5A68-45BE-8198-7F14C3646F51}.Ad-Hoc|ARM.ActiveCfg = Release|Any CPU
		{2EBA6BA8-5A68-45BE-8198-7F14C3646F51}.Ad-Hoc|ARM.Build.0 = Release|Any CPU
		{2EBA6BA8-5A68-45BE-8198-7F14C3646F51}.Ad-Hoc|iPhone.ActiveCfg = Release|Any CPU
		{2EBA6BA8-5A68-45BE-8198-7F14C3646F51}.Ad-Hoc|iPhone.Build.0 = Release|Any CPU
		{2EBA6BA8-5A68-45BE-8198-7F14C3646F51}.Ad-Hoc|iPhoneSimulator.ActiveCfg = Release|Any CPU
		{2EBA6BA8-5A68-45BE-8198-7F14C3646F51}.Ad-Hoc|iPhoneSimulator.Build.0 = Release|Any CPU
		{2EBA6BA8-5A68-45BE-8198-7F14C3646F51}.Ad-Hoc|x86.ActiveCfg = Release|Any CPU
		{2EBA6BA8-5A68-45BE-8198-7F14C3646F51}.Ad-Hoc|x86.Build.0 = Release|Any CPU
		{2EBA6BA8-5A68-45BE-8198-7F14C3646F51}.AppStore|Any CPU.ActiveCfg = Release|Any CPU
		{2EBA6BA8-5A68-45BE-8198-7F14C3646F51}.AppStore|Any CPU.Build.0 = Release|Any CPU
		{2EBA6BA8-5A68-45BE-8198-7F14C3646F51}.AppStore|ARM.ActiveCfg = Release|Any CPU
		{2EBA6BA8-5A68-45BE-8198-7F14C3646F51}.AppStore|ARM.Build.0 = Release|Any CPU
		{2EBA6BA8-5A68-45BE-8198-7F14C3646F51}.AppStore|iPhone.ActiveCfg = Release|Any CPU
		{2EBA6BA8-5A68-45BE-8198-7F14C3646F51}.AppStore|iPhone.Build.0 = Release|Any CPU
		{2EBA6BA8-5A68-45BE-8198-7F14C3646F51}.AppStore|iPhoneSimulator.ActiveCfg = Release|Any CPU
		{2EBA6BA8-5A68-45BE-8198-7F14C3646F51}.AppStore|iPhoneSimulator.Build.0 = Release|Any CPU
		{2EBA6BA8-5A68-45BE-8198-7F14C3646F51}.AppStore|x86.ActiveCfg = Release|Any CPU
		{2EBA6BA8-5A68-45BE-8198-7F14C3646F51}.AppStore|x86.Build.0 = Release|Any CPU
		{2EBA6BA8-5A68-45BE-8198-7F14C3646F51}.Debug|Any CPU.ActiveCfg = Debug|Any CPU
		{2EBA6BA8-5A68-45BE-8198-7F14C3646F51}.Debug|Any CPU.Build.0 = Debug|Any CPU
		{2EBA6BA8-5A68-45BE-8198-7F14C3646F51}.Debug|ARM.ActiveCfg = Debug|Any CPU
		{2EBA6BA8-5A68-45BE-8198-7F14C3646F51}.Debug|ARM.Build.0 = Debug|Any CPU
		{2EBA6BA8-5A68-45BE-8198-7F14C3646F51}.Debug|iPhone.ActiveCfg = Debug|Any CPU
		{2EBA6BA8-5A68-45BE-8198-7F14C3646F51}.Debug|iPhone.Build.0 = Debug|Any CPU
		{2EBA6BA8-5A68-45BE-8198-7F14C3646F51}.Debug|iPhoneSimulator.ActiveCfg = Debug|Any CPU
		{2EBA6BA8-5A68-45BE-8198-7F14C3646F51}.Debug|iPhoneSimulator.Build.0 = Debug|Any CPU
		{2EBA6BA8-5A68-45BE-8198-7F14C3646F51}.Debug|x86.ActiveCfg = Debug|Any CPU
		{2EBA6BA8-5A68-45BE-8198-7F14C3646F51}.Debug|x86.Build.0 = Debug|Any CPU
		{2EBA6BA8-5A68-45BE-8198-7F14C3646F51}.Release|Any CPU.ActiveCfg = Release|Any CPU
		{2EBA6BA8-5A68-45BE-8198-7F14C3646F51}.Release|Any CPU.Build.0 = Release|Any CPU
		{2EBA6BA8-5A68-45BE-8198-7F14C3646F51}.Release|ARM.ActiveCfg = Release|Any CPU
		{2EBA6BA8-5A68-45BE-8198-7F14C3646F51}.Release|ARM.Build.0 = Release|Any CPU
		{2EBA6BA8-5A68-45BE-8198-7F14C3646F51}.Release|iPhone.ActiveCfg = Release|Any CPU
		{2EBA6BA8-5A68-45BE-8198-7F14C3646F51}.Release|iPhone.Build.0 = Release|Any CPU
		{2EBA6BA8-5A68-45BE-8198-7F14C3646F51}.Release|iPhoneSimulator.ActiveCfg = Release|Any CPU
		{2EBA6BA8-5A68-45BE-8198-7F14C3646F51}.Release|iPhoneSimulator.Build.0 = Release|Any CPU
		{2EBA6BA8-5A68-45BE-8198-7F14C3646F51}.Release|x86.ActiveCfg = Release|Any CPU
		{2EBA6BA8-5A68-45BE-8198-7F14C3646F51}.Release|x86.Build.0 = Release|Any CPU
		{A72E7313-469F-4F13-A4BA-3756D3140AA8}.Ad-Hoc|Any CPU.ActiveCfg = Ad-Hoc|iPhone
		{A72E7313-469F-4F13-A4BA-3756D3140AA8}.Ad-Hoc|ARM.ActiveCfg = Ad-Hoc|iPhone
		{A72E7313-469F-4F13-A4BA-3756D3140AA8}.Ad-Hoc|iPhone.ActiveCfg = Ad-Hoc|iPhone
		{A72E7313-469F-4F13-A4BA-3756D3140AA8}.Ad-Hoc|iPhone.Build.0 = Ad-Hoc|iPhone
		{A72E7313-469F-4F13-A4BA-3756D3140AA8}.Ad-Hoc|iPhoneSimulator.ActiveCfg = Ad-Hoc|iPhoneSimulator
		{A72E7313-469F-4F13-A4BA-3756D3140AA8}.Ad-Hoc|iPhoneSimulator.Build.0 = Ad-Hoc|iPhoneSimulator
		{A72E7313-469F-4F13-A4BA-3756D3140AA8}.Ad-Hoc|x86.ActiveCfg = Ad-Hoc|iPhone
		{A72E7313-469F-4F13-A4BA-3756D3140AA8}.AppStore|Any CPU.ActiveCfg = AppStore|iPhone
		{A72E7313-469F-4F13-A4BA-3756D3140AA8}.AppStore|ARM.ActiveCfg = AppStore|iPhone
		{A72E7313-469F-4F13-A4BA-3756D3140AA8}.AppStore|iPhone.ActiveCfg = AppStore|iPhone
		{A72E7313-469F-4F13-A4BA-3756D3140AA8}.AppStore|iPhone.Build.0 = AppStore|iPhone
		{A72E7313-469F-4F13-A4BA-3756D3140AA8}.AppStore|iPhoneSimulator.ActiveCfg = AppStore|iPhoneSimulator
		{A72E7313-469F-4F13-A4BA-3756D3140AA8}.AppStore|iPhoneSimulator.Build.0 = AppStore|iPhoneSimulator
		{A72E7313-469F-4F13-A4BA-3756D3140AA8}.AppStore|x86.ActiveCfg = AppStore|iPhone
		{A72E7313-469F-4F13-A4BA-3756D3140AA8}.Debug|Any CPU.ActiveCfg = Debug|iPhone
		{A72E7313-469F-4F13-A4BA-3756D3140AA8}.Debug|ARM.ActiveCfg = Debug|iPhone
		{A72E7313-469F-4F13-A4BA-3756D3140AA8}.Debug|iPhone.ActiveCfg = Debug|iPhone
		{A72E7313-469F-4F13-A4BA-3756D3140AA8}.Debug|iPhone.Build.0 = Debug|iPhone
		{A72E7313-469F-4F13-A4BA-3756D3140AA8}.Debug|iPhoneSimulator.ActiveCfg = Debug|iPhoneSimulator
		{A72E7313-469F-4F13-A4BA-3756D3140AA8}.Debug|iPhoneSimulator.Build.0 = Debug|iPhoneSimulator
		{A72E7313-469F-4F13-A4BA-3756D3140AA8}.Debug|x86.ActiveCfg = Debug|iPhone
		{A72E7313-469F-4F13-A4BA-3756D3140AA8}.Release|Any CPU.ActiveCfg = Release|iPhone
		{A72E7313-469F-4F13-A4BA-3756D3140AA8}.Release|ARM.ActiveCfg = Release|iPhone
		{A72E7313-469F-4F13-A4BA-3756D3140AA8}.Release|iPhone.ActiveCfg = Release|iPhone
		{A72E7313-469F-4F13-A4BA-3756D3140AA8}.Release|iPhone.Build.0 = Release|iPhone
		{A72E7313-469F-4F13-A4BA-3756D3140AA8}.Release|iPhoneSimulator.ActiveCfg = Release|iPhoneSimulator
		{A72E7313-469F-4F13-A4BA-3756D3140AA8}.Release|iPhoneSimulator.Build.0 = Release|iPhoneSimulator
		{A72E7313-469F-4F13-A4BA-3756D3140AA8}.Release|x86.ActiveCfg = Release|iPhone
		{2EC28B28-69DD-487A-920B-73492B776AB1}.Ad-Hoc|Any CPU.ActiveCfg = Release|Any CPU
		{2EC28B28-69DD-487A-920B-73492B776AB1}.Ad-Hoc|Any CPU.Build.0 = Release|Any CPU
		{2EC28B28-69DD-487A-920B-73492B776AB1}.Ad-Hoc|Any CPU.Deploy.0 = Release|Any CPU
		{2EC28B28-69DD-487A-920B-73492B776AB1}.Ad-Hoc|ARM.ActiveCfg = Release|Any CPU
		{2EC28B28-69DD-487A-920B-73492B776AB1}.Ad-Hoc|ARM.Build.0 = Release|Any CPU
		{2EC28B28-69DD-487A-920B-73492B776AB1}.Ad-Hoc|ARM.Deploy.0 = Release|Any CPU
		{2EC28B28-69DD-487A-920B-73492B776AB1}.Ad-Hoc|iPhone.ActiveCfg = Release|Any CPU
		{2EC28B28-69DD-487A-920B-73492B776AB1}.Ad-Hoc|iPhone.Build.0 = Release|Any CPU
		{2EC28B28-69DD-487A-920B-73492B776AB1}.Ad-Hoc|iPhone.Deploy.0 = Release|Any CPU
		{2EC28B28-69DD-487A-920B-73492B776AB1}.Ad-Hoc|iPhoneSimulator.ActiveCfg = Release|Any CPU
		{2EC28B28-69DD-487A-920B-73492B776AB1}.Ad-Hoc|iPhoneSimulator.Build.0 = Release|Any CPU
		{2EC28B28-69DD-487A-920B-73492B776AB1}.Ad-Hoc|iPhoneSimulator.Deploy.0 = Release|Any CPU
		{2EC28B28-69DD-487A-920B-73492B776AB1}.Ad-Hoc|x86.ActiveCfg = Release|Any CPU
		{2EC28B28-69DD-487A-920B-73492B776AB1}.Ad-Hoc|x86.Build.0 = Release|Any CPU
		{2EC28B28-69DD-487A-920B-73492B776AB1}.Ad-Hoc|x86.Deploy.0 = Release|Any CPU
		{2EC28B28-69DD-487A-920B-73492B776AB1}.AppStore|Any CPU.ActiveCfg = Release|Any CPU
		{2EC28B28-69DD-487A-920B-73492B776AB1}.AppStore|Any CPU.Build.0 = Release|Any CPU
		{2EC28B28-69DD-487A-920B-73492B776AB1}.AppStore|Any CPU.Deploy.0 = Release|Any CPU
		{2EC28B28-69DD-487A-920B-73492B776AB1}.AppStore|ARM.ActiveCfg = Release|Any CPU
		{2EC28B28-69DD-487A-920B-73492B776AB1}.AppStore|ARM.Build.0 = Release|Any CPU
		{2EC28B28-69DD-487A-920B-73492B776AB1}.AppStore|ARM.Deploy.0 = Release|Any CPU
		{2EC28B28-69DD-487A-920B-73492B776AB1}.AppStore|iPhone.ActiveCfg = Release|Any CPU
		{2EC28B28-69DD-487A-920B-73492B776AB1}.AppStore|iPhone.Build.0 = Release|Any CPU
		{2EC28B28-69DD-487A-920B-73492B776AB1}.AppStore|iPhone.Deploy.0 = Release|Any CPU
		{2EC28B28-69DD-487A-920B-73492B776AB1}.AppStore|iPhoneSimulator.ActiveCfg = Release|Any CPU
		{2EC28B28-69DD-487A-920B-73492B776AB1}.AppStore|iPhoneSimulator.Build.0 = Release|Any CPU
		{2EC28B28-69DD-487A-920B-73492B776AB1}.AppStore|iPhoneSimulator.Deploy.0 = Release|Any CPU
		{2EC28B28-69DD-487A-920B-73492B776AB1}.AppStore|x86.ActiveCfg = Release|Any CPU
		{2EC28B28-69DD-487A-920B-73492B776AB1}.AppStore|x86.Build.0 = Release|Any CPU
		{2EC28B28-69DD-487A-920B-73492B776AB1}.AppStore|x86.Deploy.0 = Release|Any CPU
		{2EC28B28-69DD-487A-920B-73492B776AB1}.Debug|Any CPU.ActiveCfg = Debug|Any CPU
		{2EC28B28-69DD-487A-920B-73492B776AB1}.Debug|Any CPU.Build.0 = Debug|Any CPU
		{2EC28B28-69DD-487A-920B-73492B776AB1}.Debug|Any CPU.Deploy.0 = Debug|Any CPU
		{2EC28B28-69DD-487A-920B-73492B776AB1}.Debug|ARM.ActiveCfg = Debug|Any CPU
		{2EC28B28-69DD-487A-920B-73492B776AB1}.Debug|ARM.Build.0 = Debug|Any CPU
		{2EC28B28-69DD-487A-920B-73492B776AB1}.Debug|ARM.Deploy.0 = Debug|Any CPU
		{2EC28B28-69DD-487A-920B-73492B776AB1}.Debug|iPhone.ActiveCfg = Debug|Any CPU
		{2EC28B28-69DD-487A-920B-73492B776AB1}.Debug|iPhone.Build.0 = Debug|Any CPU
		{2EC28B28-69DD-487A-920B-73492B776AB1}.Debug|iPhone.Deploy.0 = Debug|Any CPU
		{2EC28B28-69DD-487A-920B-73492B776AB1}.Debug|iPhoneSimulator.ActiveCfg = Debug|Any CPU
		{2EC28B28-69DD-487A-920B-73492B776AB1}.Debug|iPhoneSimulator.Build.0 = Debug|Any CPU
		{2EC28B28-69DD-487A-920B-73492B776AB1}.Debug|iPhoneSimulator.Deploy.0 = Debug|Any CPU
		{2EC28B28-69DD-487A-920B-73492B776AB1}.Debug|x86.ActiveCfg = Debug|Any CPU
		{2EC28B28-69DD-487A-920B-73492B776AB1}.Debug|x86.Build.0 = Debug|Any CPU
		{2EC28B28-69DD-487A-920B-73492B776AB1}.Debug|x86.Deploy.0 = Debug|Any CPU
		{2EC28B28-69DD-487A-920B-73492B776AB1}.Release|Any CPU.ActiveCfg = Release|Any CPU
		{2EC28B28-69DD-487A-920B-73492B776AB1}.Release|Any CPU.Build.0 = Release|Any CPU
		{2EC28B28-69DD-487A-920B-73492B776AB1}.Release|Any CPU.Deploy.0 = Release|Any CPU
		{2EC28B28-69DD-487A-920B-73492B776AB1}.Release|ARM.ActiveCfg = Release|Any CPU
		{2EC28B28-69DD-487A-920B-73492B776AB1}.Release|ARM.Build.0 = Release|Any CPU
		{2EC28B28-69DD-487A-920B-73492B776AB1}.Release|ARM.Deploy.0 = Release|Any CPU
		{2EC28B28-69DD-487A-920B-73492B776AB1}.Release|iPhone.ActiveCfg = Release|Any CPU
		{2EC28B28-69DD-487A-920B-73492B776AB1}.Release|iPhone.Build.0 = Release|Any CPU
		{2EC28B28-69DD-487A-920B-73492B776AB1}.Release|iPhone.Deploy.0 = Release|Any CPU
		{2EC28B28-69DD-487A-920B-73492B776AB1}.Release|iPhoneSimulator.ActiveCfg = Release|Any CPU
		{2EC28B28-69DD-487A-920B-73492B776AB1}.Release|iPhoneSimulator.Build.0 = Release|Any CPU
		{2EC28B28-69DD-487A-920B-73492B776AB1}.Release|iPhoneSimulator.Deploy.0 = Release|Any CPU
		{2EC28B28-69DD-487A-920B-73492B776AB1}.Release|x86.ActiveCfg = Release|Any CPU
		{2EC28B28-69DD-487A-920B-73492B776AB1}.Release|x86.Build.0 = Release|Any CPU
		{2EC28B28-69DD-487A-920B-73492B776AB1}.Release|x86.Deploy.0 = Release|Any CPU
		{59F20BE5-2D1E-4014-A530-7615233FB7D8}.Ad-Hoc|Any CPU.ActiveCfg = Release|Any CPU
		{59F20BE5-2D1E-4014-A530-7615233FB7D8}.Ad-Hoc|Any CPU.Build.0 = Release|Any CPU
		{59F20BE5-2D1E-4014-A530-7615233FB7D8}.Ad-Hoc|Any CPU.Deploy.0 = Release|Any CPU
		{59F20BE5-2D1E-4014-A530-7615233FB7D8}.Ad-Hoc|ARM.ActiveCfg = Release|ARM
		{59F20BE5-2D1E-4014-A530-7615233FB7D8}.Ad-Hoc|ARM.Build.0 = Release|ARM
		{59F20BE5-2D1E-4014-A530-7615233FB7D8}.Ad-Hoc|ARM.Deploy.0 = Release|ARM
		{59F20BE5-2D1E-4014-A530-7615233FB7D8}.Ad-Hoc|iPhone.ActiveCfg = Release|Any CPU
		{59F20BE5-2D1E-4014-A530-7615233FB7D8}.Ad-Hoc|iPhone.Build.0 = Release|Any CPU
		{59F20BE5-2D1E-4014-A530-7615233FB7D8}.Ad-Hoc|iPhone.Deploy.0 = Release|Any CPU
		{59F20BE5-2D1E-4014-A530-7615233FB7D8}.Ad-Hoc|iPhoneSimulator.ActiveCfg = Release|Any CPU
		{59F20BE5-2D1E-4014-A530-7615233FB7D8}.Ad-Hoc|iPhoneSimulator.Build.0 = Release|Any CPU
		{59F20BE5-2D1E-4014-A530-7615233FB7D8}.Ad-Hoc|iPhoneSimulator.Deploy.0 = Release|Any CPU
		{59F20BE5-2D1E-4014-A530-7615233FB7D8}.Ad-Hoc|x86.ActiveCfg = Release|x86
		{59F20BE5-2D1E-4014-A530-7615233FB7D8}.Ad-Hoc|x86.Build.0 = Release|x86
		{59F20BE5-2D1E-4014-A530-7615233FB7D8}.Ad-Hoc|x86.Deploy.0 = Release|x86
		{59F20BE5-2D1E-4014-A530-7615233FB7D8}.AppStore|Any CPU.ActiveCfg = Release|Any CPU
		{59F20BE5-2D1E-4014-A530-7615233FB7D8}.AppStore|Any CPU.Build.0 = Release|Any CPU
		{59F20BE5-2D1E-4014-A530-7615233FB7D8}.AppStore|Any CPU.Deploy.0 = Release|Any CPU
		{59F20BE5-2D1E-4014-A530-7615233FB7D8}.AppStore|ARM.ActiveCfg = Release|ARM
		{59F20BE5-2D1E-4014-A530-7615233FB7D8}.AppStore|ARM.Build.0 = Release|ARM
		{59F20BE5-2D1E-4014-A530-7615233FB7D8}.AppStore|ARM.Deploy.0 = Release|ARM
		{59F20BE5-2D1E-4014-A530-7615233FB7D8}.AppStore|iPhone.ActiveCfg = Release|Any CPU
		{59F20BE5-2D1E-4014-A530-7615233FB7D8}.AppStore|iPhone.Build.0 = Release|Any CPU
		{59F20BE5-2D1E-4014-A530-7615233FB7D8}.AppStore|iPhone.Deploy.0 = Release|Any CPU
		{59F20BE5-2D1E-4014-A530-7615233FB7D8}.AppStore|iPhoneSimulator.ActiveCfg = Release|Any CPU
		{59F20BE5-2D1E-4014-A530-7615233FB7D8}.AppStore|iPhoneSimulator.Build.0 = Release|Any CPU
		{59F20BE5-2D1E-4014-A530-7615233FB7D8}.AppStore|iPhoneSimulator.Deploy.0 = Release|Any CPU
		{59F20BE5-2D1E-4014-A530-7615233FB7D8}.AppStore|x86.ActiveCfg = Release|x86
		{59F20BE5-2D1E-4014-A530-7615233FB7D8}.AppStore|x86.Build.0 = Release|x86
		{59F20BE5-2D1E-4014-A530-7615233FB7D8}.AppStore|x86.Deploy.0 = Release|x86
		{59F20BE5-2D1E-4014-A530-7615233FB7D8}.Debug|Any CPU.ActiveCfg = Debug|Any CPU
		{59F20BE5-2D1E-4014-A530-7615233FB7D8}.Debug|Any CPU.Build.0 = Debug|Any CPU
		{59F20BE5-2D1E-4014-A530-7615233FB7D8}.Debug|Any CPU.Deploy.0 = Debug|Any CPU
		{59F20BE5-2D1E-4014-A530-7615233FB7D8}.Debug|ARM.ActiveCfg = Debug|ARM
		{59F20BE5-2D1E-4014-A530-7615233FB7D8}.Debug|ARM.Build.0 = Debug|ARM
		{59F20BE5-2D1E-4014-A530-7615233FB7D8}.Debug|ARM.Deploy.0 = Debug|ARM
		{59F20BE5-2D1E-4014-A530-7615233FB7D8}.Debug|iPhone.ActiveCfg = Debug|Any CPU
		{59F20BE5-2D1E-4014-A530-7615233FB7D8}.Debug|iPhone.Build.0 = Debug|Any CPU
		{59F20BE5-2D1E-4014-A530-7615233FB7D8}.Debug|iPhone.Deploy.0 = Debug|Any CPU
		{59F20BE5-2D1E-4014-A530-7615233FB7D8}.Debug|iPhoneSimulator.ActiveCfg = Debug|Any CPU
		{59F20BE5-2D1E-4014-A530-7615233FB7D8}.Debug|iPhoneSimulator.Build.0 = Debug|Any CPU
		{59F20BE5-2D1E-4014-A530-7615233FB7D8}.Debug|iPhoneSimulator.Deploy.0 = Debug|Any CPU
		{59F20BE5-2D1E-4014-A530-7615233FB7D8}.Debug|x86.ActiveCfg = Debug|x86
		{59F20BE5-2D1E-4014-A530-7615233FB7D8}.Debug|x86.Build.0 = Debug|x86
		{59F20BE5-2D1E-4014-A530-7615233FB7D8}.Debug|x86.Deploy.0 = Debug|x86
		{59F20BE5-2D1E-4014-A530-7615233FB7D8}.Release|Any CPU.ActiveCfg = Release|Any CPU
		{59F20BE5-2D1E-4014-A530-7615233FB7D8}.Release|Any CPU.Build.0 = Release|Any CPU
		{59F20BE5-2D1E-4014-A530-7615233FB7D8}.Release|Any CPU.Deploy.0 = Release|Any CPU
		{59F20BE5-2D1E-4014-A530-7615233FB7D8}.Release|ARM.ActiveCfg = Release|ARM
		{59F20BE5-2D1E-4014-A530-7615233FB7D8}.Release|ARM.Build.0 = Release|ARM
		{59F20BE5-2D1E-4014-A530-7615233FB7D8}.Release|ARM.Deploy.0 = Release|ARM
		{59F20BE5-2D1E-4014-A530-7615233FB7D8}.Release|iPhone.ActiveCfg = Release|Any CPU
		{59F20BE5-2D1E-4014-A530-7615233FB7D8}.Release|iPhone.Build.0 = Release|Any CPU
		{59F20BE5-2D1E-4014-A530-7615233FB7D8}.Release|iPhone.Deploy.0 = Release|Any CPU
		{59F20BE5-2D1E-4014-A530-7615233FB7D8}.Release|iPhoneSimulator.ActiveCfg = Release|Any CPU
		{59F20BE5-2D1E-4014-A530-7615233FB7D8}.Release|iPhoneSimulator.Build.0 = Release|Any CPU
		{59F20BE5-2D1E-4014-A530-7615233FB7D8}.Release|iPhoneSimulator.Deploy.0 = Release|Any CPU
		{59F20BE5-2D1E-4014-A530-7615233FB7D8}.Release|x86.ActiveCfg = Release|x86
		{59F20BE5-2D1E-4014-A530-7615233FB7D8}.Release|x86.Build.0 = Release|x86
		{59F20BE5-2D1E-4014-A530-7615233FB7D8}.Release|x86.Deploy.0 = Release|x86
		{B18D0858-91E0-4DC3-B711-0435818DB286}.Ad-Hoc|Any CPU.ActiveCfg = Release|Any CPU
		{B18D0858-91E0-4DC3-B711-0435818DB286}.Ad-Hoc|Any CPU.Build.0 = Release|Any CPU
		{B18D0858-91E0-4DC3-B711-0435818DB286}.Ad-Hoc|ARM.ActiveCfg = Release|Any CPU
		{B18D0858-91E0-4DC3-B711-0435818DB286}.Ad-Hoc|ARM.Build.0 = Release|Any CPU
		{B18D0858-91E0-4DC3-B711-0435818DB286}.Ad-Hoc|iPhone.ActiveCfg = Release|Any CPU
		{B18D0858-91E0-4DC3-B711-0435818DB286}.Ad-Hoc|iPhone.Build.0 = Release|Any CPU
		{B18D0858-91E0-4DC3-B711-0435818DB286}.Ad-Hoc|iPhoneSimulator.ActiveCfg = Release|Any CPU
		{B18D0858-91E0-4DC3-B711-0435818DB286}.Ad-Hoc|iPhoneSimulator.Build.0 = Release|Any CPU
		{B18D0858-91E0-4DC3-B711-0435818DB286}.Ad-Hoc|x86.ActiveCfg = Release|Any CPU
		{B18D0858-91E0-4DC3-B711-0435818DB286}.Ad-Hoc|x86.Build.0 = Release|Any CPU
		{B18D0858-91E0-4DC3-B711-0435818DB286}.AppStore|Any CPU.ActiveCfg = Release|Any CPU
		{B18D0858-91E0-4DC3-B711-0435818DB286}.AppStore|Any CPU.Build.0 = Release|Any CPU
		{B18D0858-91E0-4DC3-B711-0435818DB286}.AppStore|ARM.ActiveCfg = Release|Any CPU
		{B18D0858-91E0-4DC3-B711-0435818DB286}.AppStore|ARM.Build.0 = Release|Any CPU
		{B18D0858-91E0-4DC3-B711-0435818DB286}.AppStore|iPhone.ActiveCfg = Release|Any CPU
		{B18D0858-91E0-4DC3-B711-0435818DB286}.AppStore|iPhone.Build.0 = Release|Any CPU
		{B18D0858-91E0-4DC3-B711-0435818DB286}.AppStore|iPhoneSimulator.ActiveCfg = Release|Any CPU
		{B18D0858-91E0-4DC3-B711-0435818DB286}.AppStore|iPhoneSimulator.Build.0 = Release|Any CPU
		{B18D0858-91E0-4DC3-B711-0435818DB286}.AppStore|x86.ActiveCfg = Release|Any CPU
		{B18D0858-91E0-4DC3-B711-0435818DB286}.AppStore|x86.Build.0 = Release|Any CPU
		{B18D0858-91E0-4DC3-B711-0435818DB286}.Debug|Any CPU.ActiveCfg = Debug|Any CPU
		{B18D0858-91E0-4DC3-B711-0435818DB286}.Debug|Any CPU.Build.0 = Debug|Any CPU
		{B18D0858-91E0-4DC3-B711-0435818DB286}.Debug|ARM.ActiveCfg = Debug|Any CPU
		{B18D0858-91E0-4DC3-B711-0435818DB286}.Debug|ARM.Build.0 = Debug|Any CPU
		{B18D0858-91E0-4DC3-B711-0435818DB286}.Debug|iPhone.ActiveCfg = Debug|Any CPU
		{B18D0858-91E0-4DC3-B711-0435818DB286}.Debug|iPhone.Build.0 = Debug|Any CPU
		{B18D0858-91E0-4DC3-B711-0435818DB286}.Debug|iPhoneSimulator.ActiveCfg = Debug|Any CPU
		{B18D0858-91E0-4DC3-B711-0435818DB286}.Debug|iPhoneSimulator.Build.0 = Debug|Any CPU
		{B18D0858-91E0-4DC3-B711-0435818DB286}.Debug|x86.ActiveCfg = Debug|Any CPU
		{B18D0858-91E0-4DC3-B711-0435818DB286}.Debug|x86.Build.0 = Debug|Any CPU
		{B18D0858-91E0-4DC3-B711-0435818DB286}.Release|Any CPU.ActiveCfg = Release|Any CPU
		{B18D0858-91E0-4DC3-B711-0435818DB286}.Release|Any CPU.Build.0 = Release|Any CPU
		{B18D0858-91E0-4DC3-B711-0435818DB286}.Release|ARM.ActiveCfg = Release|Any CPU
		{B18D0858-91E0-4DC3-B711-0435818DB286}.Release|ARM.Build.0 = Release|Any CPU
		{B18D0858-91E0-4DC3-B711-0435818DB286}.Release|iPhone.ActiveCfg = Release|Any CPU
		{B18D0858-91E0-4DC3-B711-0435818DB286}.Release|iPhone.Build.0 = Release|Any CPU
		{B18D0858-91E0-4DC3-B711-0435818DB286}.Release|iPhoneSimulator.ActiveCfg = Release|Any CPU
		{B18D0858-91E0-4DC3-B711-0435818DB286}.Release|iPhoneSimulator.Build.0 = Release|Any CPU
		{B18D0858-91E0-4DC3-B711-0435818DB286}.Release|x86.ActiveCfg = Release|Any CPU
		{B18D0858-91E0-4DC3-B711-0435818DB286}.Release|x86.Build.0 = Release|Any CPU
	EndGlobalSection
	GlobalSection(SolutionProperties) = preSolution
		HideSolutionNode = FALSE
	EndGlobalSection
EndGlobal
