
Microsoft Visual Studio Solution File, Format Version 12.00
# Visual Studio 14
VisualStudioVersion = 14.0.23107.0
MinimumVisualStudioVersion = 10.0.40219.1
Project("{FAE04EC0-301F-11D3-BF4B-00C04F79EFBC}") = "Flowers.Droid", "Flowers.Droid\Flowers.Droid.csproj", "{04ECFC29-CF06-4D87-8F39-A3E93B919771}"
EndProject
Project("{FAE04EC0-301F-11D3-BF4B-00C04F79EFBC}") = "Flowers.Data", "Flowers.Data\Flowers.Data.csproj", "{B18D0858-91E0-4DC3-B711-0435818DB286}"
EndProject
Project("{FAE04EC0-301F-11D3-BF4B-00C04F79EFBC}") = "Flowers.iOSSbd", "Flowers.iOSSbd\Flowers.iOSSbd.csproj", "{35CC1EB6-8CBD-4286-8B7B-C2DE502B214E}"
EndProject
Project("{FAE04EC0-301F-11D3-BF4B-00C04F79EFBC}") = "Flowers.Win10", "Flowers.Win10\Flowers.Win10.csproj", "{34D45B76-03EB-433F-B204-8F35AE7574ED}"
EndProject
Global
	GlobalSection(SolutionConfigurationPlatforms) = preSolution
		Ad-Hoc|Any CPU = Ad-Hoc|Any CPU
		Ad-Hoc|ARM = Ad-Hoc|ARM
		Ad-Hoc|iPhone = Ad-Hoc|iPhone
		Ad-Hoc|iPhoneSimulator = Ad-Hoc|iPhoneSimulator
		Ad-Hoc|Mixed Platforms = Ad-Hoc|Mixed Platforms
		Ad-Hoc|x64 = Ad-Hoc|x64
		Ad-Hoc|x86 = Ad-Hoc|x86
		AppStore|Any CPU = AppStore|Any CPU
		AppStore|ARM = AppStore|ARM
		AppStore|iPhone = AppStore|iPhone
		AppStore|iPhoneSimulator = AppStore|iPhoneSimulator
		AppStore|Mixed Platforms = AppStore|Mixed Platforms
		AppStore|x64 = AppStore|x64
		AppStore|x86 = AppStore|x86
		Debug|Any CPU = Debug|Any CPU
		Debug|ARM = Debug|ARM
		Debug|iPhone = Debug|iPhone
		Debug|iPhoneSimulator = Debug|iPhoneSimulator
		Debug|Mixed Platforms = Debug|Mixed Platforms
		Debug|x64 = Debug|x64
		Debug|x86 = Debug|x86
		Release|Any CPU = Release|Any CPU
		Release|ARM = Release|ARM
		Release|iPhone = Release|iPhone
		Release|iPhoneSimulator = Release|iPhoneSimulator
		Release|Mixed Platforms = Release|Mixed Platforms
		Release|x64 = Release|x64
		Release|x86 = Release|x86
	EndGlobalSection
	GlobalSection(ProjectConfigurationPlatforms) = postSolution
		{04ECFC29-CF06-4D87-8F39-A3E93B919771}.Ad-Hoc|Any CPU.ActiveCfg = Release|Any CPU
		{04ECFC29-CF06-4D87-8F39-A3E93B919771}.Ad-Hoc|Any CPU.Build.0 = Release|Any CPU
		{04ECFC29-CF06-4D87-8F39-A3E93B919771}.Ad-Hoc|Any CPU.Deploy.0 = Release|Any CPU
		{04ECFC29-CF06-4D87-8F39-A3E93B919771}.Ad-Hoc|ARM.ActiveCfg = Release|Any CPU
		{04ECFC29-CF06-4D87-8F39-A3E93B919771}.Ad-Hoc|iPhone.ActiveCfg = Release|Any CPU
		{04ECFC29-CF06-4D87-8F39-A3E93B919771}.Ad-Hoc|iPhoneSimulator.ActiveCfg = Release|Any CPU
		{04ECFC29-CF06-4D87-8F39-A3E93B919771}.Ad-Hoc|Mixed Platforms.ActiveCfg = Release|Any CPU
		{04ECFC29-CF06-4D87-8F39-A3E93B919771}.Ad-Hoc|Mixed Platforms.Build.0 = Release|Any CPU
		{04ECFC29-CF06-4D87-8F39-A3E93B919771}.Ad-Hoc|Mixed Platforms.Deploy.0 = Release|Any CPU
		{04ECFC29-CF06-4D87-8F39-A3E93B919771}.Ad-Hoc|x64.ActiveCfg = Debug|Any CPU
		{04ECFC29-CF06-4D87-8F39-A3E93B919771}.Ad-Hoc|x64.Build.0 = Debug|Any CPU
		{04ECFC29-CF06-4D87-8F39-A3E93B919771}.Ad-Hoc|x64.Deploy.0 = Debug|Any CPU
		{04ECFC29-CF06-4D87-8F39-A3E93B919771}.Ad-Hoc|x86.ActiveCfg = Release|Any CPU
		{04ECFC29-CF06-4D87-8F39-A3E93B919771}.AppStore|Any CPU.ActiveCfg = Release|Any CPU
		{04ECFC29-CF06-4D87-8F39-A3E93B919771}.AppStore|Any CPU.Build.0 = Release|Any CPU
		{04ECFC29-CF06-4D87-8F39-A3E93B919771}.AppStore|Any CPU.Deploy.0 = Release|Any CPU
		{04ECFC29-CF06-4D87-8F39-A3E93B919771}.AppStore|ARM.ActiveCfg = Release|Any CPU
		{04ECFC29-CF06-4D87-8F39-A3E93B919771}.AppStore|iPhone.ActiveCfg = Release|Any CPU
		{04ECFC29-CF06-4D87-8F39-A3E93B919771}.AppStore|iPhoneSimulator.ActiveCfg = Release|Any CPU
		{04ECFC29-CF06-4D87-8F39-A3E93B919771}.AppStore|Mixed Platforms.ActiveCfg = Release|Any CPU
		{04ECFC29-CF06-4D87-8F39-A3E93B919771}.AppStore|Mixed Platforms.Build.0 = Release|Any CPU
		{04ECFC29-CF06-4D87-8F39-A3E93B919771}.AppStore|Mixed Platforms.Deploy.0 = Release|Any CPU
		{04ECFC29-CF06-4D87-8F39-A3E93B919771}.AppStore|x64.ActiveCfg = Debug|Any CPU
		{04ECFC29-CF06-4D87-8F39-A3E93B919771}.AppStore|x64.Build.0 = Debug|Any CPU
		{04ECFC29-CF06-4D87-8F39-A3E93B919771}.AppStore|x64.Deploy.0 = Debug|Any CPU
		{04ECFC29-CF06-4D87-8F39-A3E93B919771}.AppStore|x86.ActiveCfg = Release|Any CPU
		{04ECFC29-CF06-4D87-8F39-A3E93B919771}.Debug|Any CPU.ActiveCfg = Debug|Any CPU
		{04ECFC29-CF06-4D87-8F39-A3E93B919771}.Debug|Any CPU.Build.0 = Debug|Any CPU
		{04ECFC29-CF06-4D87-8F39-A3E93B919771}.Debug|Any CPU.Deploy.0 = Debug|Any CPU
		{04ECFC29-CF06-4D87-8F39-A3E93B919771}.Debug|ARM.ActiveCfg = Debug|Any CPU
		{04ECFC29-CF06-4D87-8F39-A3E93B919771}.Debug|iPhone.ActiveCfg = Debug|Any CPU
		{04ECFC29-CF06-4D87-8F39-A3E93B919771}.Debug|iPhoneSimulator.ActiveCfg = Debug|Any CPU
		{04ECFC29-CF06-4D87-8F39-A3E93B919771}.Debug|iPhoneSimulator.Build.0 = Debug|Any CPU
		{04ECFC29-CF06-4D87-8F39-A3E93B919771}.Debug|iPhoneSimulator.Deploy.0 = Debug|Any CPU
		{04ECFC29-CF06-4D87-8F39-A3E93B919771}.Debug|Mixed Platforms.ActiveCfg = Debug|Any CPU
		{04ECFC29-CF06-4D87-8F39-A3E93B919771}.Debug|Mixed Platforms.Build.0 = Debug|Any CPU
		{04ECFC29-CF06-4D87-8F39-A3E93B919771}.Debug|Mixed Platforms.Deploy.0 = Debug|Any CPU
		{04ECFC29-CF06-4D87-8F39-A3E93B919771}.Debug|x64.ActiveCfg = Debug|Any CPU
		{04ECFC29-CF06-4D87-8F39-A3E93B919771}.Debug|x64.Build.0 = Debug|Any CPU
		{04ECFC29-CF06-4D87-8F39-A3E93B919771}.Debug|x64.Deploy.0 = Debug|Any CPU
		{04ECFC29-CF06-4D87-8F39-A3E93B919771}.Debug|x86.ActiveCfg = Debug|Any CPU
		{04ECFC29-CF06-4D87-8F39-A3E93B919771}.Release|Any CPU.ActiveCfg = Release|Any CPU
		{04ECFC29-CF06-4D87-8F39-A3E93B919771}.Release|Any CPU.Build.0 = Release|Any CPU
		{04ECFC29-CF06-4D87-8F39-A3E93B919771}.Release|Any CPU.Deploy.0 = Release|Any CPU
		{04ECFC29-CF06-4D87-8F39-A3E93B919771}.Release|ARM.ActiveCfg = Release|Any CPU
		{04ECFC29-CF06-4D87-8F39-A3E93B919771}.Release|iPhone.ActiveCfg = Release|Any CPU
		{04ECFC29-CF06-4D87-8F39-A3E93B919771}.Release|iPhoneSimulator.ActiveCfg = Release|Any CPU
		{04ECFC29-CF06-4D87-8F39-A3E93B919771}.Release|Mixed Platforms.ActiveCfg = Release|Any CPU
		{04ECFC29-CF06-4D87-8F39-A3E93B919771}.Release|Mixed Platforms.Build.0 = Release|Any CPU
		{04ECFC29-CF06-4D87-8F39-A3E93B919771}.Release|Mixed Platforms.Deploy.0 = Release|Any CPU
		{04ECFC29-CF06-4D87-8F39-A3E93B919771}.Release|x64.ActiveCfg = Release|Any CPU
		{04ECFC29-CF06-4D87-8F39-A3E93B919771}.Release|x64.Build.0 = Release|Any CPU
		{04ECFC29-CF06-4D87-8F39-A3E93B919771}.Release|x64.Deploy.0 = Release|Any CPU
		{04ECFC29-CF06-4D87-8F39-A3E93B919771}.Release|x86.ActiveCfg = Release|Any CPU
		{B18D0858-91E0-4DC3-B711-0435818DB286}.Ad-Hoc|Any CPU.ActiveCfg = Release|Any CPU
		{B18D0858-91E0-4DC3-B711-0435818DB286}.Ad-Hoc|Any CPU.Build.0 = Release|Any CPU
		{B18D0858-91E0-4DC3-B711-0435818DB286}.Ad-Hoc|ARM.ActiveCfg = Release|Any CPU
		{B18D0858-91E0-4DC3-B711-0435818DB286}.Ad-Hoc|iPhone.ActiveCfg = Release|Any CPU
		{B18D0858-91E0-4DC3-B711-0435818DB286}.Ad-Hoc|iPhoneSimulator.ActiveCfg = Release|Any CPU
		{B18D0858-91E0-4DC3-B711-0435818DB286}.Ad-Hoc|Mixed Platforms.ActiveCfg = Release|Any CPU
		{B18D0858-91E0-4DC3-B711-0435818DB286}.Ad-Hoc|Mixed Platforms.Build.0 = Release|Any CPU
		{B18D0858-91E0-4DC3-B711-0435818DB286}.Ad-Hoc|x64.ActiveCfg = Debug|Any CPU
		{B18D0858-91E0-4DC3-B711-0435818DB286}.Ad-Hoc|x64.Build.0 = Debug|Any CPU
		{B18D0858-91E0-4DC3-B711-0435818DB286}.Ad-Hoc|x86.ActiveCfg = Release|Any CPU
		{B18D0858-91E0-4DC3-B711-0435818DB286}.AppStore|Any CPU.ActiveCfg = Release|Any CPU
		{B18D0858-91E0-4DC3-B711-0435818DB286}.AppStore|Any CPU.Build.0 = Release|Any CPU
		{B18D0858-91E0-4DC3-B711-0435818DB286}.AppStore|ARM.ActiveCfg = Release|Any CPU
		{B18D0858-91E0-4DC3-B711-0435818DB286}.AppStore|iPhone.ActiveCfg = Release|Any CPU
		{B18D0858-91E0-4DC3-B711-0435818DB286}.AppStore|iPhoneSimulator.ActiveCfg = Release|Any CPU
		{B18D0858-91E0-4DC3-B711-0435818DB286}.AppStore|Mixed Platforms.ActiveCfg = Release|Any CPU
		{B18D0858-91E0-4DC3-B711-0435818DB286}.AppStore|Mixed Platforms.Build.0 = Release|Any CPU
		{B18D0858-91E0-4DC3-B711-0435818DB286}.AppStore|x64.ActiveCfg = Debug|Any CPU
		{B18D0858-91E0-4DC3-B711-0435818DB286}.AppStore|x64.Build.0 = Debug|Any CPU
		{B18D0858-91E0-4DC3-B711-0435818DB286}.AppStore|x86.ActiveCfg = Release|Any CPU
		{B18D0858-91E0-4DC3-B711-0435818DB286}.Debug|Any CPU.ActiveCfg = Debug|Any CPU
		{B18D0858-91E0-4DC3-B711-0435818DB286}.Debug|Any CPU.Build.0 = Debug|Any CPU
		{B18D0858-91E0-4DC3-B711-0435818DB286}.Debug|Any CPU.Deploy.0 = Debug|Any CPU
		{B18D0858-91E0-4DC3-B711-0435818DB286}.Debug|ARM.ActiveCfg = Debug|Any CPU
		{B18D0858-91E0-4DC3-B711-0435818DB286}.Debug|iPhone.ActiveCfg = Debug|Any CPU
		{B18D0858-91E0-4DC3-B711-0435818DB286}.Debug|iPhoneSimulator.ActiveCfg = Debug|Any CPU
		{B18D0858-91E0-4DC3-B711-0435818DB286}.Debug|iPhoneSimulator.Build.0 = Debug|Any CPU
		{B18D0858-91E0-4DC3-B711-0435818DB286}.Debug|Mixed Platforms.ActiveCfg = Debug|Any CPU
		{B18D0858-91E0-4DC3-B711-0435818DB286}.Debug|Mixed Platforms.Build.0 = Debug|Any CPU
		{B18D0858-91E0-4DC3-B711-0435818DB286}.Debug|x64.ActiveCfg = Debug|Any CPU
		{B18D0858-91E0-4DC3-B711-0435818DB286}.Debug|x64.Build.0 = Debug|Any CPU
		{B18D0858-91E0-4DC3-B711-0435818DB286}.Debug|x86.ActiveCfg = Debug|Any CPU
		{B18D0858-91E0-4DC3-B711-0435818DB286}.Release|Any CPU.ActiveCfg = Release|Any CPU
		{B18D0858-91E0-4DC3-B711-0435818DB286}.Release|Any CPU.Build.0 = Release|Any CPU
		{B18D0858-91E0-4DC3-B711-0435818DB286}.Release|ARM.ActiveCfg = Release|Any CPU
		{B18D0858-91E0-4DC3-B711-0435818DB286}.Release|iPhone.ActiveCfg = Release|Any CPU
		{B18D0858-91E0-4DC3-B711-0435818DB286}.Release|iPhoneSimulator.ActiveCfg = Release|Any CPU
		{B18D0858-91E0-4DC3-B711-0435818DB286}.Release|Mixed Platforms.ActiveCfg = Release|Any CPU
		{B18D0858-91E0-4DC3-B711-0435818DB286}.Release|Mixed Platforms.Build.0 = Release|Any CPU
		{B18D0858-91E0-4DC3-B711-0435818DB286}.Release|x64.ActiveCfg = Release|Any CPU
		{B18D0858-91E0-4DC3-B711-0435818DB286}.Release|x64.Build.0 = Release|Any CPU
		{B18D0858-91E0-4DC3-B711-0435818DB286}.Release|x86.ActiveCfg = Release|Any CPU
		{35CC1EB6-8CBD-4286-8B7B-C2DE502B214E}.Ad-Hoc|Any CPU.ActiveCfg = Ad-Hoc|iPhone
		{35CC1EB6-8CBD-4286-8B7B-C2DE502B214E}.Ad-Hoc|ARM.ActiveCfg = Ad-Hoc|iPhone
		{35CC1EB6-8CBD-4286-8B7B-C2DE502B214E}.Ad-Hoc|iPhone.ActiveCfg = Ad-Hoc|iPhone
		{35CC1EB6-8CBD-4286-8B7B-C2DE502B214E}.Ad-Hoc|iPhone.Build.0 = Ad-Hoc|iPhone
		{35CC1EB6-8CBD-4286-8B7B-C2DE502B214E}.Ad-Hoc|iPhoneSimulator.ActiveCfg = Ad-Hoc|iPhoneSimulator
		{35CC1EB6-8CBD-4286-8B7B-C2DE502B214E}.Ad-Hoc|iPhoneSimulator.Build.0 = Ad-Hoc|iPhoneSimulator
		{35CC1EB6-8CBD-4286-8B7B-C2DE502B214E}.Ad-Hoc|Mixed Platforms.ActiveCfg = Ad-Hoc|iPhone
		{35CC1EB6-8CBD-4286-8B7B-C2DE502B214E}.Ad-Hoc|Mixed Platforms.Build.0 = Ad-Hoc|iPhone
		{35CC1EB6-8CBD-4286-8B7B-C2DE502B214E}.Ad-Hoc|x64.ActiveCfg = Ad-Hoc|iPhoneSimulator
		{35CC1EB6-8CBD-4286-8B7B-C2DE502B214E}.Ad-Hoc|x86.ActiveCfg = Ad-Hoc|iPhone
		{35CC1EB6-8CBD-4286-8B7B-C2DE502B214E}.AppStore|Any CPU.ActiveCfg = AppStore|iPhone
		{35CC1EB6-8CBD-4286-8B7B-C2DE502B214E}.AppStore|ARM.ActiveCfg = AppStore|iPhone
		{35CC1EB6-8CBD-4286-8B7B-C2DE502B214E}.AppStore|iPhone.ActiveCfg = AppStore|iPhone
		{35CC1EB6-8CBD-4286-8B7B-C2DE502B214E}.AppStore|iPhone.Build.0 = AppStore|iPhone
		{35CC1EB6-8CBD-4286-8B7B-C2DE502B214E}.AppStore|iPhoneSimulator.ActiveCfg = AppStore|iPhoneSimulator
		{35CC1EB6-8CBD-4286-8B7B-C2DE502B214E}.AppStore|iPhoneSimulator.Build.0 = AppStore|iPhoneSimulator
		{35CC1EB6-8CBD-4286-8B7B-C2DE502B214E}.AppStore|Mixed Platforms.ActiveCfg = AppStore|iPhone
		{35CC1EB6-8CBD-4286-8B7B-C2DE502B214E}.AppStore|Mixed Platforms.Build.0 = AppStore|iPhone
		{35CC1EB6-8CBD-4286-8B7B-C2DE502B214E}.AppStore|x64.ActiveCfg = AppStore|iPhoneSimulator
		{35CC1EB6-8CBD-4286-8B7B-C2DE502B214E}.AppStore|x86.ActiveCfg = AppStore|iPhone
		{35CC1EB6-8CBD-4286-8B7B-C2DE502B214E}.Debug|Any CPU.ActiveCfg = Debug|iPhone
		{35CC1EB6-8CBD-4286-8B7B-C2DE502B214E}.Debug|ARM.ActiveCfg = Debug|iPhone
		{35CC1EB6-8CBD-4286-8B7B-C2DE502B214E}.Debug|iPhone.ActiveCfg = Debug|iPhone
		{35CC1EB6-8CBD-4286-8B7B-C2DE502B214E}.Debug|iPhone.Build.0 = Debug|iPhone
		{35CC1EB6-8CBD-4286-8B7B-C2DE502B214E}.Debug|iPhoneSimulator.ActiveCfg = Debug|iPhoneSimulator
		{35CC1EB6-8CBD-4286-8B7B-C2DE502B214E}.Debug|iPhoneSimulator.Build.0 = Debug|iPhoneSimulator
		{35CC1EB6-8CBD-4286-8B7B-C2DE502B214E}.Debug|Mixed Platforms.ActiveCfg = Debug|iPhone
		{35CC1EB6-8CBD-4286-8B7B-C2DE502B214E}.Debug|Mixed Platforms.Build.0 = Debug|iPhone
		{35CC1EB6-8CBD-4286-8B7B-C2DE502B214E}.Debug|x64.ActiveCfg = Debug|iPhoneSimulator
		{35CC1EB6-8CBD-4286-8B7B-C2DE502B214E}.Debug|x86.ActiveCfg = Debug|iPhone
		{35CC1EB6-8CBD-4286-8B7B-C2DE502B214E}.Release|Any CPU.ActiveCfg = Release|iPhone
		{35CC1EB6-8CBD-4286-8B7B-C2DE502B214E}.Release|ARM.ActiveCfg = Release|iPhone
		{35CC1EB6-8CBD-4286-8B7B-C2DE502B214E}.Release|iPhone.ActiveCfg = Release|iPhone
		{35CC1EB6-8CBD-4286-8B7B-C2DE502B214E}.Release|iPhone.Build.0 = Release|iPhone
		{35CC1EB6-8CBD-4286-8B7B-C2DE502B214E}.Release|iPhoneSimulator.ActiveCfg = Release|iPhoneSimulator
		{35CC1EB6-8CBD-4286-8B7B-C2DE502B214E}.Release|iPhoneSimulator.Build.0 = Release|iPhoneSimulator
		{35CC1EB6-8CBD-4286-8B7B-C2DE502B214E}.Release|Mixed Platforms.ActiveCfg = Release|iPhone
		{35CC1EB6-8CBD-4286-8B7B-C2DE502B214E}.Release|Mixed Platforms.Build.0 = Release|iPhone
		{35CC1EB6-8CBD-4286-8B7B-C2DE502B214E}.Release|x64.ActiveCfg = Release|iPhoneSimulator
		{35CC1EB6-8CBD-4286-8B7B-C2DE502B214E}.Release|x86.ActiveCfg = Release|iPhone
		{34D45B76-03EB-433F-B204-8F35AE7574ED}.Ad-Hoc|Any CPU.ActiveCfg = Release|x86
		{34D45B76-03EB-433F-B204-8F35AE7574ED}.Ad-Hoc|Any CPU.Build.0 = Release|x86
		{34D45B76-03EB-433F-B204-8F35AE7574ED}.Ad-Hoc|Any CPU.Deploy.0 = Release|x86
		{34D45B76-03EB-433F-B204-8F35AE7574ED}.Ad-Hoc|ARM.ActiveCfg = Release|ARM
		{34D45B76-03EB-433F-B204-8F35AE7574ED}.Ad-Hoc|ARM.Build.0 = Release|ARM
		{34D45B76-03EB-433F-B204-8F35AE7574ED}.Ad-Hoc|ARM.Deploy.0 = Release|ARM
		{34D45B76-03EB-433F-B204-8F35AE7574ED}.Ad-Hoc|iPhone.ActiveCfg = Release|x86
		{34D45B76-03EB-433F-B204-8F35AE7574ED}.Ad-Hoc|iPhone.Build.0 = Release|x86
		{34D45B76-03EB-433F-B204-8F35AE7574ED}.Ad-Hoc|iPhone.Deploy.0 = Release|x86
		{34D45B76-03EB-433F-B204-8F35AE7574ED}.Ad-Hoc|iPhoneSimulator.ActiveCfg = Release|x86
		{34D45B76-03EB-433F-B204-8F35AE7574ED}.Ad-Hoc|iPhoneSimulator.Build.0 = Release|x86
		{34D45B76-03EB-433F-B204-8F35AE7574ED}.Ad-Hoc|iPhoneSimulator.Deploy.0 = Release|x86
		{34D45B76-03EB-433F-B204-8F35AE7574ED}.Ad-Hoc|Mixed Platforms.ActiveCfg = Release|x86
		{34D45B76-03EB-433F-B204-8F35AE7574ED}.Ad-Hoc|Mixed Platforms.Build.0 = Release|x86
		{34D45B76-03EB-433F-B204-8F35AE7574ED}.Ad-Hoc|Mixed Platforms.Deploy.0 = Release|x86
		{34D45B76-03EB-433F-B204-8F35AE7574ED}.Ad-Hoc|x64.ActiveCfg = Release|x64
		{34D45B76-03EB-433F-B204-8F35AE7574ED}.Ad-Hoc|x64.Build.0 = Release|x64
		{34D45B76-03EB-433F-B204-8F35AE7574ED}.Ad-Hoc|x64.Deploy.0 = Release|x64
		{34D45B76-03EB-433F-B204-8F35AE7574ED}.Ad-Hoc|x86.ActiveCfg = Release|x86
		{34D45B76-03EB-433F-B204-8F35AE7574ED}.Ad-Hoc|x86.Build.0 = Release|x86
		{34D45B76-03EB-433F-B204-8F35AE7574ED}.Ad-Hoc|x86.Deploy.0 = Release|x86
		{34D45B76-03EB-433F-B204-8F35AE7574ED}.AppStore|Any CPU.ActiveCfg = Release|x86
		{34D45B76-03EB-433F-B204-8F35AE7574ED}.AppStore|Any CPU.Build.0 = Release|x86
		{34D45B76-03EB-433F-B204-8F35AE7574ED}.AppStore|Any CPU.Deploy.0 = Release|x86
		{34D45B76-03EB-433F-B204-8F35AE7574ED}.AppStore|ARM.ActiveCfg = Release|ARM
		{34D45B76-03EB-433F-B204-8F35AE7574ED}.AppStore|ARM.Build.0 = Release|ARM
		{34D45B76-03EB-433F-B204-8F35AE7574ED}.AppStore|ARM.Deploy.0 = Release|ARM
		{34D45B76-03EB-433F-B204-8F35AE7574ED}.AppStore|iPhone.ActiveCfg = Release|x86
		{34D45B76-03EB-433F-B204-8F35AE7574ED}.AppStore|iPhone.Build.0 = Release|x86
		{34D45B76-03EB-433F-B204-8F35AE7574ED}.AppStore|iPhone.Deploy.0 = Release|x86
		{34D45B76-03EB-433F-B204-8F35AE7574ED}.AppStore|iPhoneSimulator.ActiveCfg = Release|x86
		{34D45B76-03EB-433F-B204-8F35AE7574ED}.AppStore|iPhoneSimulator.Build.0 = Release|x86
		{34D45B76-03EB-433F-B204-8F35AE7574ED}.AppStore|iPhoneSimulator.Deploy.0 = Release|x86
		{34D45B76-03EB-433F-B204-8F35AE7574ED}.AppStore|Mixed Platforms.ActiveCfg = Release|x86
		{34D45B76-03EB-433F-B204-8F35AE7574ED}.AppStore|Mixed Platforms.Build.0 = Release|x86
		{34D45B76-03EB-433F-B204-8F35AE7574ED}.AppStore|Mixed Platforms.Deploy.0 = Release|x86
		{34D45B76-03EB-433F-B204-8F35AE7574ED}.AppStore|x64.ActiveCfg = Release|x64
		{34D45B76-03EB-433F-B204-8F35AE7574ED}.AppStore|x64.Build.0 = Release|x64
		{34D45B76-03EB-433F-B204-8F35AE7574ED}.AppStore|x64.Deploy.0 = Release|x64
		{34D45B76-03EB-433F-B204-8F35AE7574ED}.AppStore|x86.ActiveCfg = Release|x86
		{34D45B76-03EB-433F-B204-8F35AE7574ED}.AppStore|x86.Build.0 = Release|x86
		{34D45B76-03EB-433F-B204-8F35AE7574ED}.AppStore|x86.Deploy.0 = Release|x86
		{34D45B76-03EB-433F-B204-8F35AE7574ED}.Debug|Any CPU.ActiveCfg = Debug|x86
		{34D45B76-03EB-433F-B204-8F35AE7574ED}.Debug|ARM.ActiveCfg = Debug|ARM
		{34D45B76-03EB-433F-B204-8F35AE7574ED}.Debug|ARM.Build.0 = Debug|ARM
		{34D45B76-03EB-433F-B204-8F35AE7574ED}.Debug|ARM.Deploy.0 = Debug|ARM
		{34D45B76-03EB-433F-B204-8F35AE7574ED}.Debug|iPhone.ActiveCfg = Debug|x86
		{34D45B76-03EB-433F-B204-8F35AE7574ED}.Debug|iPhoneSimulator.ActiveCfg = Debug|x86
		{34D45B76-03EB-433F-B204-8F35AE7574ED}.Debug|Mixed Platforms.ActiveCfg = Debug|x86
		{34D45B76-03EB-433F-B204-8F35AE7574ED}.Debug|Mixed Platforms.Build.0 = Debug|x86
		{34D45B76-03EB-433F-B204-8F35AE7574ED}.Debug|Mixed Platforms.Deploy.0 = Debug|x86
		{34D45B76-03EB-433F-B204-8F35AE7574ED}.Debug|x64.ActiveCfg = Debug|x64
		{34D45B76-03EB-433F-B204-8F35AE7574ED}.Debug|x64.Build.0 = Debug|x64
		{34D45B76-03EB-433F-B204-8F35AE7574ED}.Debug|x64.Deploy.0 = Debug|x64
		{34D45B76-03EB-433F-B204-8F35AE7574ED}.Debug|x86.ActiveCfg = Debug|x86
		{34D45B76-03EB-433F-B204-8F35AE7574ED}.Debug|x86.Build.0 = Debug|x86
		{34D45B76-03EB-433F-B204-8F35AE7574ED}.Debug|x86.Deploy.0 = Debug|x86
		{34D45B76-03EB-433F-B204-8F35AE7574ED}.Release|Any CPU.ActiveCfg = Release|x86
		{34D45B76-03EB-433F-B204-8F35AE7574ED}.Release|ARM.ActiveCfg = Release|ARM
		{34D45B76-03EB-433F-B204-8F35AE7574ED}.Release|ARM.Build.0 = Release|ARM
		{34D45B76-03EB-433F-B204-8F35AE7574ED}.Release|ARM.Deploy.0 = Release|ARM
		{34D45B76-03EB-433F-B204-8F35AE7574ED}.Release|iPhone.ActiveCfg = Release|x86
		{34D45B76-03EB-433F-B204-8F35AE7574ED}.Release|iPhoneSimulator.ActiveCfg = Release|x86
		{34D45B76-03EB-433F-B204-8F35AE7574ED}.Release|Mixed Platforms.ActiveCfg = Release|x86
		{34D45B76-03EB-433F-B204-8F35AE7574ED}.Release|Mixed Platforms.Build.0 = Release|x86
		{34D45B76-03EB-433F-B204-8F35AE7574ED}.Release|Mixed Platforms.Deploy.0 = Release|x86
		{34D45B76-03EB-433F-B204-8F35AE7574ED}.Release|x64.ActiveCfg = Release|x64
		{34D45B76-03EB-433F-B204-8F35AE7574ED}.Release|x64.Build.0 = Release|x64
		{34D45B76-03EB-433F-B204-8F35AE7574ED}.Release|x64.Deploy.0 = Release|x64
		{34D45B76-03EB-433F-B204-8F35AE7574ED}.Release|x86.ActiveCfg = Release|x86
		{34D45B76-03EB-433F-B204-8F35AE7574ED}.Release|x86.Build.0 = Release|x86
		{34D45B76-03EB-433F-B204-8F35AE7574ED}.Release|x86.Deploy.0 = Release|x86
	EndGlobalSection
	GlobalSection(SolutionProperties) = preSolution
		HideSolutionNode = FALSE
	EndGlobalSection
EndGlobal
